
Microsoft Visual Studio Solution File, Format Version 12.00
# Visual Studio Version 16
VisualStudioVersion = 16.0.28803.156
MinimumVisualStudioVersion = 10.0.40219.1
Project("{9A19103F-16F7-4668-BE54-9A1E7A4F7556}") = "FtpMissionsManipulator", "FtpMissionsManipulator\FtpMissionsManipulator.csproj", "{EF8E1640-16DF-4F62-816F-BA2B0E7E4CDD}"
EndProject
Project("{9A19103F-16F7-4668-BE54-9A1E7A4F7556}") = "FtpMissionsManipulatorTests", "FtpMissionsManipulatorTests\FtpMissionsManipulatorTests.csproj", "{68B89C2F-8B5E-48E8-AE95-3AA93393DFB8}"
EndProject
Project("{9A19103F-16F7-4668-BE54-9A1E7A4F7556}") = "FtpMissionsManipulatorApp", "FtpMissionsManipulatorApp\FtpMissionsManipulatorApp.csproj", "{D3745B96-25EB-4CB4-B6AA-F6F1535B77B8}"
EndProject
Global
	GlobalSection(SolutionConfigurationPlatforms) = preSolution
		Debug|Any CPU = Debug|Any CPU
		Debug|x64 = Debug|x64
		Release|Any CPU = Release|Any CPU
		Release|x64 = Release|x64
	EndGlobalSection
	GlobalSection(ProjectConfigurationPlatforms) = postSolution
		{EF8E1640-16DF-4F62-816F-BA2B0E7E4CDD}.Debug|Any CPU.ActiveCfg = Debug|Any CPU
		{EF8E1640-16DF-4F62-816F-BA2B0E7E4CDD}.Debug|Any CPU.Build.0 = Debug|Any CPU
		{EF8E1640-16DF-4F62-816F-BA2B0E7E4CDD}.Debug|x64.ActiveCfg = Debug|x64
		{EF8E1640-16DF-4F62-816F-BA2B0E7E4CDD}.Debug|x64.Build.0 = Debug|x64
		{EF8E1640-16DF-4F62-816F-BA2B0E7E4CDD}.Release|Any CPU.ActiveCfg = Release|Any CPU
		{EF8E1640-16DF-4F62-816F-BA2B0E7E4CDD}.Release|Any CPU.Build.0 = Release|Any CPU
		{EF8E1640-16DF-4F62-816F-BA2B0E7E4CDD}.Release|x64.ActiveCfg = Release|x64
		{EF8E1640-16DF-4F62-816F-BA2B0E7E4CDD}.Release|x64.Build.0 = Release|x64
		{68B89C2F-8B5E-48E8-AE95-3AA93393DFB8}.Debug|Any CPU.ActiveCfg = Debug|Any CPU
		{68B89C2F-8B5E-48E8-AE95-3AA93393DFB8}.Debug|Any CPU.Build.0 = Debug|Any CPU
		{68B89C2F-8B5E-48E8-AE95-3AA93393DFB8}.Debug|x64.ActiveCfg = Debug|x64
		{68B89C2F-8B5E-48E8-AE95-3AA93393DFB8}.Debug|x64.Build.0 = Debug|x64
		{68B89C2F-8B5E-48E8-AE95-3AA93393DFB8}.Release|Any CPU.ActiveCfg = Release|Any CPU
		{68B89C2F-8B5E-48E8-AE95-3AA93393DFB8}.Release|Any CPU.Build.0 = Release|Any CPU
		{68B89C2F-8B5E-48E8-AE95-3AA93393DFB8}.Release|x64.ActiveCfg = Release|x64
		{68B89C2F-8B5E-48E8-AE95-3AA93393DFB8}.Release|x64.Build.0 = Release|x64
		{D3745B96-25EB-4CB4-B6AA-F6F1535B77B8}.Debug|Any CPU.ActiveCfg = Debug|Any CPU
		{D3745B96-25EB-4CB4-B6AA-F6F1535B77B8}.Debug|Any CPU.Build.0 = Debug|Any CPU
		{D3745B96-25EB-4CB4-B6AA-F6F1535B77B8}.Debug|x64.ActiveCfg = Debug|x64
		{D3745B96-25EB-4CB4-B6AA-F6F1535B77B8}.Debug|x64.Build.0 = Debug|x64
		{D3745B96-25EB-4CB4-B6AA-F6F1535B77B8}.Release|Any CPU.ActiveCfg = Release|Any CPU
		{D3745B96-25EB-4CB4-B6AA-F6F1535B77B8}.Release|Any CPU.Build.0 = Release|Any CPU
		{D3745B96-25EB-4CB4-B6AA-F6F1535B77B8}.Release|x64.ActiveCfg = Release|x64
		{D3745B96-25EB-4CB4-B6AA-F6F1535B77B8}.Release|x64.Build.0 = Release|x64
	EndGlobalSection
	GlobalSection(SolutionProperties) = preSolution
		HideSolutionNode = FALSE
	EndGlobalSection
	GlobalSection(ExtensibilityGlobals) = postSolution
		SolutionGuid = {002E42B2-FFE4-4FAF-94A5-B5C0F0887756}
	EndGlobalSection
EndGlobal
